<?xml version="1.0" encoding="utf-8"?>
<Project ToolsVersion="4.0" xmlns="http://schemas.microsoft.com/developer/msbuild/2003">
  <ItemGroup>
    <Filter Include="DirectX">
      <UniqueIdentifier>{f1b15e2a-52cf-4f1a-9061-5810d779f795}</UniqueIdentifier>
    </Filter>
    <Filter Include="mainGame">
      <UniqueIdentifier>{f64753bf-5ff2-43bd-9a2d-d1a9330be2ff}</UniqueIdentifier>
    </Filter>
    <Filter Include="DirectX\Sprite">
      <UniqueIdentifier>{b583f49a-cce0-4ead-8ffe-222493d4146e}</UniqueIdentifier>
    </Filter>
    <Filter Include="DirectX\Rect">
      <UniqueIdentifier>{d62e47d4-eae8-4383-b1e3-e570cf157065}</UniqueIdentifier>
    </Filter>
    <Filter Include="Header">
      <UniqueIdentifier>{0e5eef77-a78b-4c6f-80c1-8cfa2321868f}</UniqueIdentifier>
    </Filter>
    <Filter Include="DirectX\Manager">
      <UniqueIdentifier>{d7073d4e-de1c-48c3-89c9-55be9646aba7}</UniqueIdentifier>
    </Filter>
    <Filter Include="DirectX\timer">
      <UniqueIdentifier>{2ca86945-9a93-478c-be30-c6f3628f7837}</UniqueIdentifier>
    </Filter>
    <Filter Include="DirectX\UTIL">
      <UniqueIdentifier>{d3845d30-9038-42ba-bc64-e015cd2aa0d3}</UniqueIdentifier>
    </Filter>
    <Filter Include="mainGame\database">
      <UniqueIdentifier>{d57f84d3-a606-482e-aaa4-cf32231f4815}</UniqueIdentifier>
    </Filter>
    <Filter Include="DirectX\camera">
      <UniqueIdentifier>{87fd941a-6782-4d54-a50b-3a7e3a5aa189}</UniqueIdentifier>
    </Filter>
    <Filter Include="DirectX\PrintText">
      <UniqueIdentifier>{fbdd00e4-87c1-4a28-899c-9e41bfc92ebf}</UniqueIdentifier>
    </Filter>
    <Filter Include="mainGame\sceneInit">
      <UniqueIdentifier>{c173c981-0a77-4a7e-8f59-271a131a35e4}</UniqueIdentifier>
    </Filter>
    <Filter Include="mainGame\sceneGame">
      <UniqueIdentifier>{43eabde1-1190-4171-b89e-1d0668eac50e}</UniqueIdentifier>
    </Filter>
    <Filter Include="mainGame\sceneGame\Player">
      <UniqueIdentifier>{1493faf0-859f-406d-a5cd-96cf8a9a7656}</UniqueIdentifier>
    </Filter>
    <Filter Include="mainGame\sceneGame\Enemy">
      <UniqueIdentifier>{20731369-cc1e-4245-89de-48278fc765a0}</UniqueIdentifier>
    </Filter>
    <Filter Include="mainGame\sceneGame\Item">
      <UniqueIdentifier>{2f577a16-3814-40bd-aeb2-aee925ee82f1}</UniqueIdentifier>
    </Filter>
    <Filter Include="mainGame\sceneGame\Interface">
      <UniqueIdentifier>{7b3ac083-b088-44db-b423-3b7c882dceb6}</UniqueIdentifier>
    </Filter>
  </ItemGroup>
  <ItemGroup>
    <ClCompile Include="Sprite.cpp">
      <Filter>DirectX\Sprite</Filter>
    </ClCompile>
    <ClCompile Include="Texture.cpp">
      <Filter>DirectX\Sprite</Filter>
    </ClCompile>
    <ClCompile Include="DxWindow.cpp">
      <Filter>DirectX</Filter>
    </ClCompile>
    <ClCompile Include="Rect.cpp">
      <Filter>DirectX\Rect</Filter>
    </ClCompile>
    <ClCompile Include="mainGame.cpp">
      <Filter>mainGame</Filter>
    </ClCompile>
    <ClCompile Include="sceneManager.cpp">
      <Filter>DirectX\Manager</Filter>
    </ClCompile>
    <ClCompile Include="imageManager.cpp">
      <Filter>DirectX\Manager</Filter>
    </ClCompile>
    <ClCompile Include="timer.cpp">
      <Filter>DirectX\timer</Filter>
    </ClCompile>
    <ClCompile Include="timeManager.cpp">
      <Filter>DirectX\Manager</Filter>
    </ClCompile>
    <ClCompile Include="database.cpp">
      <Filter>mainGame\database</Filter>
    </ClCompile>
    <ClCompile Include="camera.cpp">
      <Filter>DirectX\camera</Filter>
    </ClCompile>
    <ClCompile Include="keyManager.cpp">
      <Filter>DirectX\Manager</Filter>
    </ClCompile>
    <ClCompile Include="collision.cpp">
      <Filter>DirectX\UTIL</Filter>
    </ClCompile>
    <ClCompile Include="utils.cpp">
      <Filter>DirectX\UTIL</Filter>
    </ClCompile>
    <ClCompile Include="PrintText.cpp">
      <Filter>DirectX\PrintText</Filter>
    </ClCompile>
    <ClCompile Include="textManager.cpp">
      <Filter>DirectX\Manager</Filter>
    </ClCompile>
    <ClCompile Include="sceneTest.cpp">
      <Filter>mainGame</Filter>
    </ClCompile>
    <ClCompile Include="sceneInit.cpp">
      <Filter>mainGame\sceneInit</Filter>
    </ClCompile>
    <ClCompile Include="sceneGame.cpp">
      <Filter>mainGame\sceneGame</Filter>
    </ClCompile>
    <ClCompile Include="EnemyManager.cpp">
      <Filter>mainGame\sceneGame\Enemy</Filter>
    </ClCompile>
    <ClCompile Include="Interface.cpp">
      <Filter>mainGame\sceneGame\Interface</Filter>
    </ClCompile>
    <ClCompile Include="Player.cpp">
      <Filter>mainGame\sceneGame\Player</Filter>
    </ClCompile>
    <ClCompile Include="PlayerManager.cpp">
      <Filter>mainGame\sceneGame\Player</Filter>
    </ClCompile>
    <ClCompile Include="Item.cpp">
      <Filter>mainGame\sceneGame\Item</Filter>
    </ClCompile>
  </ItemGroup>
  <ItemGroup>
    <ClInclude Include="Sprite.h">
      <Filter>DirectX\Sprite</Filter>
    </ClInclude>
    <ClInclude Include="Texture.h">
      <Filter>DirectX\Sprite</Filter>
    </ClInclude>
    <ClInclude Include="DxWindow.h">
      <Filter>DirectX</Filter>
    </ClInclude>
    <ClInclude Include="stdafx.h">
      <Filter>Header</Filter>
    </ClInclude>
    <ClInclude Include="Rect.h">
      <Filter>DirectX\Rect</Filter>
    </ClInclude>
    <ClInclude Include="mainGame.h">
      <Filter>mainGame</Filter>
    </ClInclude>
    <ClInclude Include="sceneManager.h">
      <Filter>DirectX\Manager</Filter>
    </ClInclude>
    <ClInclude Include="imageManager.h">
      <Filter>DirectX\Manager</Filter>
    </ClInclude>
    <ClInclude Include="timer.h">
      <Filter>DirectX\timer</Filter>
    </ClInclude>
    <ClInclude Include="timeManager.h">
      <Filter>DirectX\Manager</Filter>
    </ClInclude>
    <ClInclude Include="commonMacroFunction.h">
      <Filter>Header</Filter>
    </ClInclude>
    <ClInclude Include="database.h">
      <Filter>mainGame\database</Filter>
    </ClInclude>
    <ClInclude Include="globalMacroVariables.h">
      <Filter>Header</Filter>
    </ClInclude>
    <ClInclude Include="camera.h">
      <Filter>DirectX\camera</Filter>
    </ClInclude>
    <ClInclude Include="randomFunction.h">
      <Filter>Header</Filter>
    </ClInclude>
    <ClInclude Include="keyManager.h">
      <Filter>DirectX\Manager</Filter>
    </ClInclude>
    <ClInclude Include="collision.h">
      <Filter>DirectX\UTIL</Filter>
    </ClInclude>
    <ClInclude Include="utils.h">
      <Filter>DirectX\UTIL</Filter>
    </ClInclude>
    <ClInclude Include="PrintText.h">
      <Filter>DirectX\PrintText</Filter>
    </ClInclude>
    <ClInclude Include="textManager.h">
      <Filter>DirectX\Manager</Filter>
    </ClInclude>
    <ClInclude Include="sceneTest.h">
      <Filter>mainGame</Filter>
    </ClInclude>
    <ClInclude Include="sceneInit.h">
      <Filter>mainGame\sceneInit</Filter>
    </ClInclude>
    <ClInclude Include="sceneGame.h">
      <Filter>mainGame\sceneGame</Filter>
    </ClInclude>
    <ClInclude Include="EnemyManager.h">
      <Filter>mainGame\sceneGame\Enemy</Filter>
    </ClInclude>
    <ClInclude Include="Interface.h">
      <Filter>mainGame\sceneGame\Interface</Filter>
    </ClInclude>
    <ClInclude Include="Player.h">
      <Filter>mainGame\sceneGame\Player</Filter>
    </ClInclude>
    <ClInclude Include="PlayerManager.h">
      <Filter>mainGame\sceneGame\Player</Filter>
    </ClInclude>
    <ClInclude Include="Item.h">
      <Filter>mainGame\sceneGame\Item</Filter>
    </ClInclude>
  </ItemGroup>
</Project>